{
  "originHash" : "f8b0a3e0d7efd326d8138f10c64820a32ba9c6d022b751eb3ee2b26d2eb30fa2",
  "pins" : [
    {
      "identity" : "asyncutils",
      "kind" : "remoteSourceControl",
      "location" : "https://github.com/yu840915/AsyncUtils.git",
      "state" : {
        "branch" : "main",
        "revision" : "127ed8f895cfc8018ea0942a87015a48c7064019"
      }
    }
  ],
  "version" : 3
}
